<?xml version="1.0" encoding="utf-8"?>
<Project ToolsVersion="4.0" xmlns="http://schemas.microsoft.com/developer/msbuild/2003">
  <ItemGroup>
    <Filter Include="Source Files">
      <UniqueIdentifier>{4FC737F1-C7A5-4376-A066-2A32D752A2FF}</UniqueIdentifier>
      <Extensions>cpp;c;cc;cxx;def;odl;idl;hpj;bat;asm;asmx</Extensions>
    </Filter>
    <Filter Include="Header Files">
      <UniqueIdentifier>{93995380-89BD-4b04-88EB-625FBE52EBFB}</UniqueIdentifier>
      <Extensions>h;hh;hpp;hxx;hm;inl;inc;xsd</Extensions>
    </Filter>
    <Filter Include="Resource Files">
      <UniqueIdentifier>{67DA6AB6-F800-4c08-8B7A-83BB121AAD01}</UniqueIdentifier>
      <Extensions>rc;ico;cur;bmp;dlg;rc2;rct;bin;rgs;gif;jpg;jpeg;jpe;resx;tiff;tif;png;wav;mfcribbon-ms</Extensions>
    </Filter>
  </ItemGroup>
  <ItemGroup>
    <ClInclude Include="History.h">
      <Filter>Header Files</Filter>
    </ClInclude>
    <ClInclude Include="Examination.h">
      <Filter>Header Files</Filter>
    </ClInclude>
    <ClInclude Include="Patient.h">
      <Filter>Header Files</Filter>
    </ClInclude>
    <ClInclude Include="Clinic.h">
      <Filter>Header Files</Filter>
    </ClInclude>
    <ClInclude Include="HealthCareUnit.h">
      <Filter>Header Files</Filter>
    </ClInclude>
    <ClInclude Include="BeautyStudio.h">
      <Filter>Header Files</Filter>
    </ClInclude>
    <ClInclude Include="NailArtSaloon.h">
      <Filter>Header Files</Filter>
    </ClInclude>
    <ClInclude Include="application.h">
      <Filter>Header Files</Filter>
    </ClInclude>
    <ClInclude Include="utilities.h">
      <Filter>Header Files</Filter>
    </ClInclude>
    <ClInclude Include="testClinic.h">
      <Filter>Header Files</Filter>
    </ClInclude>
    <ClInclude Include="testHealthCareUnit.h">
      <Filter>Header Files</Filter>
    </ClInclude>
    <ClInclude Include="testBeautyStudios.h">
      <Filter>Header Files</Filter>
    </ClInclude>
    <ClInclude Include="testNailArtSaloon.h">
      <Filter>Header Files</Filter>
    </ClInclude>
    <ClInclude Include="testPolymorphism.h">
      <Filter>Header Files</Filter>
    </ClInclude>
    <ClInclude Include="testReadWrite.h">
      <Filter>Header Files</Filter>
    </ClInclude>
  </ItemGroup>
  <ItemGroup>
    <ClCompile Include="Source.cpp">
      <Filter>Source Files</Filter>
    </ClCompile>
    <ClCompile Include="History.cpp">
      <Filter>Source Files</Filter>
    </ClCompile>
    <ClCompile Include="Examination.cpp">
      <Filter>Source Files</Filter>
    </ClCompile>
    <ClCompile Include="Patient.cpp">
      <Filter>Source Files</Filter>
    </ClCompile>
    <ClCompile Include="Clinic.cpp">
      <Filter>Source Files</Filter>
    </ClCompile>
    <ClCompile Include="HealthCareUnit.cpp">
      <Filter>Source Files</Filter>
    </ClCompile>
    <ClCompile Include="BeautyStudio.cpp">
      <Filter>Source Files</Filter>
    </ClCompile>
    <ClCompile Include="NailArtSaloon.cpp">
      <Filter>Source Files</Filter>
    </ClCompile>
  </ItemGroup>
  <ItemGroup>
    <Text Include="beauty.txt">
      <Filter>Resource Files</Filter>
    </Text>
    <Text Include="nails.txt">
      <Filter>Resource Files</Filter>
    </Text>
    <Text Include="clinic.txt">
      <Filter>Resource Files</Filter>
    </Text>
  </ItemGroup>
</Project>